// !$*UTF8*$!
{
	archiveVersion = 1;
	classes = {
	};
	objectVersion = 56;
	objects = {

/* Begin PBXBuildFile section */
		7DCC342129AE7BCB00BA496D /* BusinessView.swift in Sources */ = {isa = PBXBuildFile; fileRef = 7DCC342029AE7BCB00BA496D /* BusinessView.swift */; };
		7DCC342329AE801700BA496D /* MapView.swift in Sources */ = {isa = PBXBuildFile; fileRef = 7DCC342229AE801700BA496D /* MapView.swift */; };
		7DDAF30229AE2A6B0058F320 /* CoffeeSearchApp.swift in Sources */ = {isa = PBXBuildFile; fileRef = 7DDAF30129AE2A6B0058F320 /* CoffeeSearchApp.swift */; };
		7DDAF30429AE2A6B0058F320 /* ContentView.swift in Sources */ = {isa = PBXBuildFile; fileRef = 7DDAF30329AE2A6B0058F320 /* ContentView.swift */; };
		7DDAF30629AE2A6F0058F320 /* Assets.xcassets in Resources */ = {isa = PBXBuildFile; fileRef = 7DDAF30529AE2A6F0058F320 /* Assets.xcassets */; };
		7DDAF30929AE2A6F0058F320 /* Preview Assets.xcassets in Resources */ = {isa = PBXBuildFile; fileRef = 7DDAF30829AE2A6F0058F320 /* Preview Assets.xcassets */; };
		7DF7235F29AE335E0046BB70 /* Action.swift in Sources */ = {isa = PBXBuildFile; fileRef = 7DF7235E29AE335E0046BB70 /* Action.swift */; };
		7DF7236129AE34420046BB70 /* Business.swift in Sources */ = {isa = PBXBuildFile; fileRef = 7DF7236029AE34420046BB70 /* Business.swift */; };
		7DF7236329AE35090046BB70 /* MapController.swift in Sources */ = {isa = PBXBuildFile; fileRef = 7DF7236229AE35090046BB70 /* MapController.swift */; };
/* End PBXBuildFile section */

/* Begin PBXFileReference section */
		7DCC342029AE7BCB00BA496D /* BusinessView.swift */ = {isa = PBXFileReference; lastKnownFileType = sourcecode.swift; path = BusinessView.swift; sourceTree = "<group>"; };
		7DCC342229AE801700BA496D /* MapView.swift */ = {isa = PBXFileReference; lastKnownFileType = sourcecode.swift; path = MapView.swift; sourceTree = "<group>"; };
		7DDAF2FE29AE2A6B0058F320 /* CoffeeSearch.app */ = {isa = PBXFileReference; explicitFileType = wrapper.application; includeInIndex = 0; path = CoffeeSearch.app; sourceTree = BUILT_PRODUCTS_DIR; };
		7DDAF30129AE2A6B0058F320 /* CoffeeSearchApp.swift */ = {isa = PBXFileReference; lastKnownFileType = sourcecode.swift; path = CoffeeSearchApp.swift; sourceTree = "<group>"; };
		7DDAF30329AE2A6B0058F320 /* ContentView.swift */ = {isa = PBXFileReference; lastKnownFileType = sourcecode.swift; path = ContentView.swift; sourceTree = "<group>"; };
		7DDAF30529AE2A6F0058F320 /* Assets.xcassets */ = {isa = PBXFileReference; lastKnownFileType = folder.assetcatalog; path = Assets.xcassets; sourceTree = "<group>"; };
		7DDAF30829AE2A6F0058F320 /* Preview Assets.xcassets */ = {isa = PBXFileReference; lastKnownFileType = folder.assetcatalog; path = "Preview Assets.xcassets"; sourceTree = "<group>"; };
		7DF7235E29AE335E0046BB70 /* Action.swift */ = {isa = PBXFileReference; lastKnownFileType = sourcecode.swift; path = Action.swift; sourceTree = "<group>"; };
		7DF7236029AE34420046BB70 /* Business.swift */ = {isa = PBXFileReference; lastKnownFileType = sourcecode.swift; path = Business.swift; sourceTree = "<group>"; };
		7DF7236229AE35090046BB70 /* MapController.swift */ = {isa = PBXFileReference; lastKnownFileType = sourcecode.swift; path = MapController.swift; sourceTree = "<group>"; };
/* End PBXFileReference section */

/* Begin PBXFrameworksBuildPhase section */
		7DDAF2FB29AE2A6B0058F320 /* Frameworks */ = {
			isa = PBXFrameworksBuildPhase;
			buildActionMask = 2147483647;
			files = (
			);
			runOnlyForDeploymentPostprocessing = 0;
		};
/* End PBXFrameworksBuildPhase section */

/* Begin PBXGroup section */
		7DCC341C29AE7B4100BA496D /* Model */ = {
			isa = PBXGroup;
			children = (
				7DF7235E29AE335E0046BB70 /* Action.swift */,
				7DF7236029AE34420046BB70 /* Business.swift */,
			);
			path = Model;
			sourceTree = "<group>";
		};
		7DCC341D29AE7B4B00BA496D /* Views */ = {
			isa = PBXGroup;
			children = (
				7DDAF30329AE2A6B0058F320 /* ContentView.swift */,
				7DCC342029AE7BCB00BA496D /* BusinessView.swift */,
				7DCC342229AE801700BA496D /* MapView.swift */,
			);
			path = Views;
			sourceTree = "<group>";
		};
		7DCC341F29AE7B5D00BA496D /* ViewModel */ = {
			isa = PBXGroup;
			children = (
				7DF7236229AE35090046BB70 /* MapController.swift */,
			);
			path = ViewModel;
			sourceTree = "<group>";
		};
		7DDAF2F529AE2A6B0058F320 = {
			isa = PBXGroup;
			children = (
				7DDAF30029AE2A6B0058F320 /* CoffeeSearch */,
				7DDAF2FF29AE2A6B0058F320 /* Products */,
			);
			sourceTree = "<group>";
		};
		7DDAF2FF29AE2A6B0058F320 /* Products */ = {
			isa = PBXGroup;
			children = (
				7DDAF2FE29AE2A6B0058F320 /* CoffeeSearch.app */,
			);
			name = Products;
			sourceTree = "<group>";
		};
		7DDAF30029AE2A6B0058F320 /* CoffeeSearch */ = {
			isa = PBXGroup;
			children = (
				7DCC341F29AE7B5D00BA496D /* ViewModel */,
				7DCC341D29AE7B4B00BA496D /* Views */,
				7DCC341C29AE7B4100BA496D /* Model */,
				7DDAF30129AE2A6B0058F320 /* CoffeeSearchApp.swift */,
				7DDAF30529AE2A6F0058F320 /* Assets.xcassets */,
				7DDAF30729AE2A6F0058F320 /* Preview Content */,
			);
			path = CoffeeSearch;
			sourceTree = "<group>";
		};
		7DDAF30729AE2A6F0058F320 /* Preview Content */ = {
			isa = PBXGroup;
			children = (
				7DDAF30829AE2A6F0058F320 /* Preview Assets.xcassets */,
			);
			path = "Preview Content";
			sourceTree = "<group>";
		};
/* End PBXGroup section */

/* Begin PBXNativeTarget section */
		7DDAF2FD29AE2A6B0058F320 /* CoffeeSearch */ = {
			isa = PBXNativeTarget;
			buildConfigurationList = 7DDAF30C29AE2A6F0058F320 /* Build configuration list for PBXNativeTarget "CoffeeSearch" */;
			buildPhases = (
				7DDAF2FA29AE2A6B0058F320 /* Sources */,
				7DDAF2FB29AE2A6B0058F320 /* Frameworks */,
				7DDAF2FC29AE2A6B0058F320 /* Resources */,
			);
			buildRules = (
			);
			dependencies = (
			);
			name = CoffeeSearch;
			productName = CoffeeSearch;
			productReference = 7DDAF2FE29AE2A6B0058F320 /* CoffeeSearch.app */;
			productType = "com.apple.product-type.application";
		};
/* End PBXNativeTarget section */

/* Begin PBXProject section */
		7DDAF2F629AE2A6B0058F320 /* Project object */ = {
			isa = PBXProject;
			attributes = {
				BuildIndependentTargetsInParallel = 1;
				LastSwiftUpdateCheck = 1420;
				LastUpgradeCheck = 1420;
				TargetAttributes = {
					7DDAF2FD29AE2A6B0058F320 = {
						CreatedOnToolsVersion = 14.2;
					};
				};
			};
			buildConfigurationList = 7DDAF2F929AE2A6B0058F320 /* Build configuration list for PBXProject "CoffeeSearch" */;
			compatibilityVersion = "Xcode 14.0";
			developmentRegion = en;
			hasScannedForEncodings = 0;
			knownRegions = (
				en,
				Base,
			);
			mainGroup = 7DDAF2F529AE2A6B0058F320;
			productRefGroup = 7DDAF2FF29AE2A6B0058F320 /* Products */;
			projectDirPath = "";
			projectRoot = "";
			targets = (
				7DDAF2FD29AE2A6B0058F320 /* CoffeeSearch */,
			);
		};
/* End PBXProject section */

/* Begin PBXResourcesBuildPhase section */
		7DDAF2FC29AE2A6B0058F320 /* Resources */ = {
			isa = PBXResourcesBuildPhase;
			buildActionMask = 2147483647;
			files = (
				7DDAF30929AE2A6F0058F320 /* Preview Assets.xcassets in Resources */,
				7DDAF30629AE2A6F0058F320 /* Assets.xcassets in Resources */,
			);
			runOnlyForDeploymentPostprocessing = 0;
		};
/* End PBXResourcesBuildPhase section */

/* Begin PBXSourcesBuildPhase section */
		7DDAF2FA29AE2A6B0058F320 /* Sources */ = {
			isa = PBXSourcesBuildPhase;
			buildActionMask = 2147483647;
			files = (
				7DCC342329AE801700BA496D /* MapView.swift in Sources */,
				7DCC342129AE7BCB00BA496D /* BusinessView.swift in Sources */,
				7DDAF30429AE2A6B0058F320 /* ContentView.swift in Sources */,
				7DF7236129AE34420046BB70 /* Business.swift in Sources */,
				7DF7235F29AE335E0046BB70 /* Action.swift in Sources */,
				7DF7236329AE35090046BB70 /* MapController.swift in Sources */,
				7DDAF30229AE2A6B0058F320 /* CoffeeSearchApp.swift in Sources */,
			);
			runOnlyForDeploymentPostprocessing = 0;
		};
/* End PBXSourcesBuildPhase section */

/* Begin XCBuildConfiguration section */
		7DDAF30A29AE2A6F0058F320 /* Debug */ = {
			isa = XCBuildConfiguration;
			buildSettings = {
				ALWAYS_SEARCH_USER_PATHS = NO;
				CLANG_ANALYZER_NONNULL = YES;
				CLANG_ANALYZER_NUMBER_OBJECT_CONVERSION = YES_AGGRESSIVE;
				CLANG_CXX_LANGUAGE_STANDARD = "gnu++20";
				CLANG_ENABLE_MODULES = YES;
				CLANG_ENABLE_OBJC_ARC = YES;
				CLANG_ENABLE_OBJC_WEAK = YES;
				CLANG_WARN_BLOCK_CAPTURE_AUTORELEASING = YES;
				CLANG_WARN_BOOL_CONVERSION = YES;
				CLANG_WARN_COMMA = YES;
				CLANG_WARN_CONSTANT_CONVERSION = YES;
				CLANG_WARN_DEPRECATED_OBJC_IMPLEMENTATIONS = YES;
				CLANG_WARN_DIRECT_OBJC_ISA_USAGE = YES_ERROR;
				CLANG_WARN_DOCUMENTATION_COMMENTS = YES;
				CLANG_WARN_EMPTY_BODY = YES;
				CLANG_WARN_ENUM_CONVERSION = YES;
				CLANG_WARN_INFINITE_RECURSION = YES;
				CLANG_WARN_INT_CONVERSION = YES;
				CLANG_WARN_NON_LITERAL_NULL_CONVERSION = YES;
				CLANG_WARN_OBJC_IMPLICIT_RETAIN_SELF = YES;
				CLANG_WARN_OBJC_LITERAL_CONVERSION = YES;
				CLANG_WARN_OBJC_ROOT_CLASS = YES_ERROR;
				CLANG_WARN_QUOTED_INCLUDE_IN_FRAMEWORK_HEADER = YES;
				CLANG_WARN_RANGE_LOOP_ANALYSIS = YES;
				CLANG_WARN_STRICT_PROTOTYPES = YES;
				CLANG_WARN_SUSPICIOUS_MOVE = YES;
				CLANG_WARN_UNGUARDED_AVAILABILITY = YES_AGGRESSIVE;
				CLANG_WARN_UNREACHABLE_CODE = YES;
				CLANG_WARN__DUPLICATE_METHOD_MATCH = YES;
				COPY_PHASE_STRIP = NO;
				DEBUG_INFORMATION_FORMAT = dwarf;
				ENABLE_STRICT_OBJC_MSGSEND = YES;
				ENABLE_TESTABILITY = YES;
				GCC_C_LANGUAGE_STANDARD = gnu11;
				GCC_DYNAMIC_NO_PIC = NO;
				GCC_NO_COMMON_BLOCKS = YES;
				GCC_OPTIMIZATION_LEVEL = 0;
				GCC_PREPROCESSOR_DEFINITIONS = (
					"DEBUG=1",
					"$(inherited)",
				);
				GCC_WARN_64_TO_32_BIT_CONVERSION = YES;
				GCC_WARN_ABOUT_RETURN_TYPE = YES_ERROR;
				GCC_WARN_UNDECLARED_SELECTOR = YES;
				GCC_WARN_UNINITIALIZED_AUTOS = YES_AGGRESSIVE;
				GCC_WARN_UNUSED_FUNCTION = YES;
				GCC_WARN_UNUSED_VARIABLE = YES;
				IPHONEOS_DEPLOYMENT_TARGET = 16.2;
				MTL_ENABLE_DEBUG_INFO = INCLUDE_SOURCE;
				MTL_FAST_MATH = YES;
				ONLY_ACTIVE_ARCH = YES;
				SDKROOT = iphoneos;
				SWIFT_ACTIVE_COMPILATION_CONDITIONS = DEBUG;
				SWIFT_OPTIMIZATION_LEVEL = "-Onone";
			};
			name = Debug;
		};
		7DDAF30B29AE2A6F0058F320 /* Release */ = {
			isa = XCBuildConfiguration;
			buildSettings = {
				ALWAYS_SEARCH_USER_PATHS = NO;
				CLANG_ANALYZER_NONNULL = YES;
				CLANG_ANALYZER_NUMBER_OBJECT_CONVERSION = YES_AGGRESSIVE;
				CLANG_CXX_LANGUAGE_STANDARD = "gnu++20";
				CLANG_ENABLE_MODULES = YES;
				CLANG_ENABLE_OBJC_ARC = YES;
				CLANG_ENABLE_OBJC_WEAK = YES;
				CLANG_WARN_BLOCK_CAPTURE_AUTORELEASING = YES;
				CLANG_WARN_BOOL_CONVERSION = YES;
				CLANG_WARN_COMMA = YES;
				CLANG_WARN_CONSTANT_CONVERSION = YES;
				CLANG_WARN_DEPRECATED_OBJC_IMPLEMENTATIONS = YES;
				CLANG_WARN_DIRECT_OBJC_ISA_USAGE = YES_ERROR;
				CLANG_WARN_DOCUMENTATION_COMMENTS = YES;
				CLANG_WARN_EMPTY_BODY = YES;
				CLANG_WARN_ENUM_CONVERSION = YES;
				CLANG_WARN_INFINITE_RECURSION = YES;
				CLANG_WARN_INT_CONVERSION = YES;
				CLANG_WARN_NON_LITERAL_NULL_CONVERSION = YES;
				CLANG_WARN_OBJC_IMPLICIT_RETAIN_SELF = YES;
				CLANG_WARN_OBJC_LITERAL_CONVERSION = YES;
				CLANG_WARN_OBJC_ROOT_CLASS = YES_ERROR;
				CLANG_WARN_QUOTED_INCLUDE_IN_FRAMEWORK_HEADER = YES;
				CLANG_WARN_RANGE_LOOP_ANALYSIS = YES;
				CLANG_WARN_STRICT_PROTOTYPES = YES;
				CLANG_WARN_SUSPICIOUS_MOVE = YES;
				CLANG_WARN_UNGUARDED_AVAILABILITY = YES_AGGRESSIVE;
				CLANG_WARN_UNREACHABLE_CODE = YES;
				CLANG_WARN__DUPLICATE_METHOD_MATCH = YES;
				COPY_PHASE_STRIP = NO;
				DEBUG_INFORMATION_FORMAT = "dwarf-with-dsym";
				ENABLE_NS_ASSERTIONS = NO;
				ENABLE_STRICT_OBJC_MSGSEND = YES;
				GCC_C_LANGUAGE_STANDARD = gnu11;
				GCC_NO_COMMON_BLOCKS = YES;
				GCC_WARN_64_TO_32_BIT_CONVERSION = YES;
				GCC_WARN_ABOUT_RETURN_TYPE = YES_ERROR;
				GCC_WARN_UNDECLARED_SELECTOR = YES;
				GCC_WARN_UNINITIALIZED_AUTOS = YES_AGGRESSIVE;
				GCC_WARN_UNUSED_FUNCTION = YES;
				GCC_WARN_UNUSED_VARIABLE = YES;
				IPHONEOS_DEPLOYMENT_TARGET = 16.2;
				MTL_ENABLE_DEBUG_INFO = NO;
				MTL_FAST_MATH = YES;
				SDKROOT = iphoneos;
				SWIFT_COMPILATION_MODE = wholemodule;
				SWIFT_OPTIMIZATION_LEVEL = "-O";
				VALIDATE_PRODUCT = YES;
			};
			name = Release;
		};
		7DDAF30D29AE2A6F0058F320 /* Debug */ = {
			isa = XCBuildConfiguration;
			buildSettings = {
				ASSETCATALOG_COMPILER_APPICON_NAME = AppIcon;
				ASSETCATALOG_COMPILER_GLOBAL_ACCENT_COLOR_NAME = AccentColor;
				CODE_SIGN_STYLE = Automatic;
				CURRENT_PROJECT_VERSION = 1;
				DEVELOPMENT_ASSET_PATHS = "\"CoffeeSearch/Preview Content\"";
				DEVELOPMENT_TEAM = WQT83F9429;
				ENABLE_PREVIEWS = YES;
				GENERATE_INFOPLIST_FILE = YES;
				INFOPLIST_KEY_UIApplicationSceneManifest_Generation = YES;
				INFOPLIST_KEY_UIApplicationSupportsIndirectInputEvents = YES;
				INFOPLIST_KEY_UILaunchScreen_Generation = YES;
				INFOPLIST_KEY_UISupportedInterfaceOrientations_iPad = "UIInterfaceOrientationPortrait UIInterfaceOrientationPortraitUpsideDown UIInterfaceOrientationLandscapeLeft UIInterfaceOrientationLandscapeRight";
				INFOPLIST_KEY_UISupportedInterfaceOrientations_iPhone = "UIInterfaceOrientationPortrait UIInterfaceOrientationLandscapeLeft UIInterfaceOrientationLandscapeRight";
				LD_RUNPATH_SEARCH_PATHS = (
					"$(inherited)",
					"@executable_path/Frameworks",
				);
				MARKETING_VERSION = 1.0;
				PRODUCT_BUNDLE_IDENTIFIER = com.yasinerdemli.CoffeeSearch;
				PRODUCT_NAME = "$(TARGET_NAME)";
				SWIFT_EMIT_LOC_STRINGS = YES;
				SWIFT_VERSION = 5.0;
				TARGETED_DEVICE_FAMILY = "1,2";
			};
			name = Debug;
		};
		7DDAF30E29AE2A6F0058F320 /* Release */ = {
			isa = XCBuildConfiguration;
			buildSettings = {
				ASSETCATALOG_COMPILER_APPICON_NAME = AppIcon;
				ASSETCATALOG_COMPILER_GLOBAL_ACCENT_COLOR_NAME = AccentColor;
				CODE_SIGN_STYLE = Automatic;
				CURRENT_PROJECT_VERSION = 1;
				DEVELOPMENT_ASSET_PATHS = "\"CoffeeSearch/Preview Content\"";
				DEVELOPMENT_TEAM = WQT83F9429;
				ENABLE_PREVIEWS = YES;
				GENERATE_INFOPLIST_FILE = YES;
				INFOPLIST_KEY_UIApplicationSceneManifest_Generation = YES;
				INFOPLIST_KEY_UIApplicationSupportsIndirectInputEvents = YES;
				INFOPLIST_KEY_UILaunchScreen_Generation = YES;
				INFOPLIST_KEY_UISupportedInterfaceOrientations_iPad = "UIInterfaceOrientationPortrait UIInterfaceOrientationPortraitUpsideDown UIInterfaceOrientationLandscapeLeft UIInterfaceOrientationLandscapeRight";
				INFOPLIST_KEY_UISupportedInterfaceOrientations_iPhone = "UIInterfaceOrientationPortrait UIInterfaceOrientationLandscapeLeft UIInterfaceOrientationLandscapeRight";
				LD_RUNPATH_SEARCH_PATHS = (
					"$(inherited)",
					"@executable_path/Frameworks",
				);
				MARKETING_VERSION = 1.0;
				PRODUCT_BUNDLE_IDENTIFIER = com.yasinerdemli.CoffeeSearch;
				PRODUCT_NAME = "$(TARGET_NAME)";
				SWIFT_EMIT_LOC_STRINGS = YES;
				SWIFT_VERSION = 5.0;
				TARGETED_DEVICE_FAMILY = "1,2";
			};
			name = Release;
		};
/* End XCBuildConfiguration section */

/* Begin XCConfigurationList section */
		7DDAF2F929AE2A6B0058F320 /* Build configuration list for PBXProject "CoffeeSearch" */ = {
			isa = XCConfigurationList;
			buildConfigurations = (
				7DDAF30A29AE2A6F0058F320 /* Debug */,
				7DDAF30B29AE2A6F0058F320 /* Release */,
			);
			defaultConfigurationIsVisible = 0;
			defaultConfigurationName = Release;
		};
		7DDAF30C29AE2A6F0058F320 /* Build configuration list for PBXNativeTarget "CoffeeSearch" */ = {
			isa = XCConfigurationList;
			buildConfigurations = (
				7DDAF30D29AE2A6F0058F320 /* Debug */,
				7DDAF30E29AE2A6F0058F320 /* Release */,
			);
			defaultConfigurationIsVisible = 0;
			defaultConfigurationName = Release;
		};
/* End XCConfigurationList section */
	};
	rootObject = 7DDAF2F629AE2A6B0058F320 /* Project object */;
}
